<?xml version="1.0" encoding="utf-8"?>
<Project ToolsVersion="4.0" xmlns="http://schemas.microsoft.com/developer/msbuild/2003">
  <ItemGroup>
    <Filter Include="Source Files">
      <UniqueIdentifier>{4FC737F1-C7A5-4376-A066-2A32D752A2FF}</UniqueIdentifier>
      <Extensions>cpp;cxx;c;def</Extensions>
    </Filter>
    <Filter Include="Header Files">
      <UniqueIdentifier>{93995380-89BD-4b04-88EB-625FBE52EBFB}</UniqueIdentifier>
      <Extensions>h</Extensions>
    </Filter>
    <Filter Include="Form Files">
      <UniqueIdentifier>{99349809-55BA-4b9d-BF79-8FDBB0286EB3}</UniqueIdentifier>
      <Extensions>ui</Extensions>
    </Filter>
    <Filter Include="Resource Files">
      <UniqueIdentifier>{D9D6E242-F8AF-46E4-B9FD-80ECBC20BA3E}</UniqueIdentifier>
      <Extensions>qrc;*</Extensions>
      <ParseFiles>false</ParseFiles>
    </Filter>
    <Filter Include="Generated Files">
      <UniqueIdentifier>{71ED8ED8-ACB9-4CE9-BBE1-E00B30144E11}</UniqueIdentifier>
      <Extensions>moc;h;cpp</Extensions>
      <SourceControlFiles>False</SourceControlFiles>
    </Filter>
    <Filter Include="Generated Files\Debug">
      <UniqueIdentifier>{dd8e2fff-b704-481b-ad21-52922b357167}</UniqueIdentifier>
      <Extensions>cpp;moc</Extensions>
      <SourceControlFiles>False</SourceControlFiles>
    </Filter>
    <Filter Include="Generated Files\Release">
      <UniqueIdentifier>{a435be1e-d946-4e6d-9528-4aae4fa28147}</UniqueIdentifier>
      <Extensions>cpp;moc</Extensions>
      <SourceControlFiles>False</SourceControlFiles>
    </Filter>
    <Filter Include="Scripts">
      <UniqueIdentifier>{61ef91e6-b239-42d0-a8c9-c1eb3069fd37}</UniqueIdentifier>
    </Filter>
  </ItemGroup>
  <ItemGroup>
    <ClCompile Include="main.cpp">
      <Filter>Source Files</Filter>
    </ClCompile>
    <ClCompile Include="imagine.cpp">
      <Filter>Source Files</Filter>
    </ClCompile>
    <ClCompile Include="GeneratedFiles\Debug\moc_imagine.cpp">
      <Filter>Generated Files\Debug</Filter>
    </ClCompile>
    <ClCompile Include="GeneratedFiles\Release\moc_imagine.cpp">
      <Filter>Generated Files\Release</Filter>
    </ClCompile>
    <ClCompile Include="GeneratedFiles\qrc_imagine.cpp">
      <Filter>Generated Files</Filter>
    </ClCompile>
    <ClCompile Include="GeneratedFiles\Debug\moc_ai_thread.cpp">
      <Filter>Generated Files\Debug</Filter>
    </ClCompile>
    <ClCompile Include="GeneratedFiles\Release\moc_ai_thread.cpp">
      <Filter>Generated Files\Release</Filter>
    </ClCompile>
    <ClCompile Include="GeneratedFiles\Debug\moc_ArduinoThread.cpp">
      <Filter>Generated Files\Debug</Filter>
    </ClCompile>
    <ClCompile Include="GeneratedFiles\Release\moc_ArduinoThread.cpp">
      <Filter>Generated Files\Release</Filter>
    </ClCompile>
    <ClCompile Include="GeneratedFiles\Debug\moc_cookeworkerthread.cpp">
      <Filter>Generated Files\Debug</Filter>
    </ClCompile>
    <ClCompile Include="GeneratedFiles\Release\moc_cookeworkerthread.cpp">
      <Filter>Generated Files\Release</Filter>
    </ClCompile>
    <ClCompile Include="GeneratedFiles\Debug\moc_data_acq_thread.cpp">
      <Filter>Generated Files\Debug</Filter>
    </ClCompile>
    <ClCompile Include="GeneratedFiles\Release\moc_data_acq_thread.cpp">
      <Filter>Generated Files\Release</Filter>
    </ClCompile>
    <ClCompile Include="GeneratedFiles\Debug\moc_imagelabel.cpp">
      <Filter>Generated Files\Debug</Filter>
    </ClCompile>
    <ClCompile Include="GeneratedFiles\Release\moc_imagelabel.cpp">
      <Filter>Generated Files\Release</Filter>
    </ClCompile>
    <ClCompile Include="GeneratedFiles\Debug\moc_ImgApplication.cpp">
      <Filter>Generated Files\Debug</Filter>
    </ClCompile>
    <ClCompile Include="GeneratedFiles\Release\moc_ImgApplication.cpp">
      <Filter>Generated Files\Release</Filter>
    </ClCompile>
    <ClCompile Include="GeneratedFiles\Debug\moc_Pixmapper.cpp">
      <Filter>Generated Files\Debug</Filter>
    </ClCompile>
    <ClCompile Include="GeneratedFiles\Release\moc_Pixmapper.cpp">
      <Filter>Generated Files\Release</Filter>
    </ClCompile>
    <ClCompile Include="GeneratedFiles\Debug\moc_spoolthread.cpp">
      <Filter>Generated Files\Debug</Filter>
    </ClCompile>
    <ClCompile Include="GeneratedFiles\Release\moc_spoolthread.cpp">
      <Filter>Generated Files\Release</Filter>
    </ClCompile>
    <ClCompile Include="ai_thread.cpp">
      <Filter>Source Files</Filter>
    </ClCompile>
    <ClCompile Include="ArduinoSerial.cpp">
      <Filter>Source Files</Filter>
    </ClCompile>
    <ClCompile Include="ArduinoThread.cpp">
      <Filter>Source Files</Filter>
    </ClCompile>
    <ClCompile Include="camera_g.cpp">
      <Filter>Source Files</Filter>
    </ClCompile>
    <ClCompile Include="cooke.cpp">
      <Filter>Source Files</Filter>
    </ClCompile>
    <ClCompile Include="cookeworkerthread.cpp">
      <Filter>Source Files</Filter>
    </ClCompile>
    <ClCompile Include="data_acq_thread.cpp">
      <Filter>Source Files</Filter>
    </ClCompile>
    <ClCompile Include="fast_ofstream.cpp">
      <Filter>Source Files</Filter>
    </ClCompile>
    <ClCompile Include="histogram_item.cpp">
      <Filter>Source Files</Filter>
    </ClCompile>
    <ClCompile Include="imagelabel.cpp">
      <Filter>Source Files</Filter>
    </ClCompile>
    <ClCompile Include="ImgApplication.cpp">
      <Filter>Source Files</Filter>
    </ClCompile>
    <ClCompile Include="Pixmapper.cpp">
      <Filter>Source Files</Filter>
    </ClCompile>
    <ClCompile Include="misc.cpp">
      <Filter>Source Files</Filter>
    </ClCompile>
    <ClCompile Include="positioner.cpp">
      <Filter>Source Files</Filter>
    </ClCompile>
    <ClCompile Include="shutterctrl.cpp">
      <Filter>Source Files</Filter>
    </ClCompile>
    <ClCompile Include="spoolthread.cpp">
      <Filter>Source Files</Filter>
    </ClCompile>
    <ClCompile Include="actuators\voltage\volpiezo.cpp">
      <Filter>Source Files</Filter>
    </ClCompile>
  </ItemGroup>
  <ItemGroup>
    <CustomBuild Include="imagine.h">
      <Filter>Header Files</Filter>
    </CustomBuild>
    <CustomBuild Include="imagine.ui">
      <Filter>Form Files</Filter>
    </CustomBuild>
    <CustomBuild Include="imagine.qrc">
      <Filter>Resource Files</Filter>
    </CustomBuild>
    <CustomBuild Include="ai_thread.hpp">
      <Filter>Header Files</Filter>
    </CustomBuild>
    <CustomBuild Include="ArduinoThread.h">
      <Filter>Header Files</Filter>
    </CustomBuild>
    <CustomBuild Include="cookeworkerthread.h">
      <Filter>Header Files</Filter>
    </CustomBuild>
    <CustomBuild Include="data_acq_thread.hpp">
      <Filter>Header Files</Filter>
    </CustomBuild>
    <CustomBuild Include="imagelabel.h">
      <Filter>Header Files</Filter>
    </CustomBuild>
    <CustomBuild Include="ImgApplication.h">
      <Filter>Header Files</Filter>
    </CustomBuild>
    <CustomBuild Include="Pixmapper.h">
      <Filter>Header Files</Filter>
    </CustomBuild>
    <CustomBuild Include="spoolthread.h">
      <Filter>Header Files</Filter>
    </CustomBuild>
  </ItemGroup>
  <ItemGroup>
    <ClInclude Include="GeneratedFiles\ui_imagine.h">
      <Filter>Generated Files</Filter>
    </ClInclude>
    <ClInclude Include="ArduinoSerial.h">
      <Filter>Header Files</Filter>
    </ClInclude>
    <ClInclude Include="camera_g.hpp">
      <Filter>Header Files</Filter>
    </ClInclude>
    <ClInclude Include="circbuf.hpp">
      <Filter>Header Files</Filter>
    </ClInclude>
    <ClInclude Include="cooke.hpp">
      <Filter>Header Files</Filter>
    </ClInclude>
    <ClInclude Include="curvedata.h">
      <Filter>Header Files</Filter>
    </ClInclude>
    <ClInclude Include="daq.hpp">
      <Filter>Header Files</Filter>
    </ClInclude>
    <ClInclude Include="dummy_daq.hpp">
      <Filter>Header Files</Filter>
    </ClInclude>
    <ClInclude Include="fast_ofstream.hpp">
      <Filter>Header Files</Filter>
    </ClInclude>
    <ClInclude Include="histogram_item.h">
      <Filter>Header Files</Filter>
    </ClInclude>
    <ClInclude Include="ImageLib.h">
      <Filter>Header Files</Filter>
    </ClInclude>
    <ClInclude Include="lockguard.h">
      <Filter>Header Files</Filter>
    </ClInclude>
    <ClInclude Include="memcpy_g.h">
      <Filter>Header Files</Filter>
    </ClInclude>
    <ClInclude Include="misc.hpp">
      <Filter>Header Files</Filter>
    </ClInclude>
    <ClInclude Include="ni_daq_g.hpp">
      <Filter>Header Files</Filter>
    </ClInclude>
    <ClInclude Include="positioner.hpp">
      <Filter>Header Files</Filter>
    </ClInclude>
    <ClInclude Include="shutterctrl.h">
      <Filter>Header Files</Filter>
    </ClInclude>
    <ClInclude Include="timer_g.hpp">
      <Filter>Header Files</Filter>
    </ClInclude>
    <ClInclude Include="actuators\voltage\volpiezo.hpp">
      <Filter>Header Files</Filter>
    </ClInclude>
  </ItemGroup>
  <ItemGroup>
    <None Include="scripts\bakewell.js">
      <Filter>Scripts</Filter>
    </None>
    <None Include="scripts\hs-ocpi.js">
      <Filter>Scripts</Filter>
    </None>
    <None Include="scripts\imagine.js">
      <Filter>Scripts</Filter>
    </None>
    <None Include="scripts\ocpi-1.js">
      <Filter>Scripts</Filter>
    </None>
    <None Include="scripts\ocpi-1bidi.js">
      <Filter>Scripts</Filter>
    </None>
    <None Include="scripts\ocpi-2.js">
      <Filter>Scripts</Filter>
    </None>
    <None Include="scripts\preset.js">
      <Filter>Scripts</Filter>
    </None>
  </ItemGroup>
</Project>